// !$*UTF8*$!
{
	archiveVersion = 1;
	classes = {
	};
	objectVersion = 56;
	objects = {

/* Begin PBXBuildFile section */
		B924FF5B2C50DD9200F75AB9 /* SearchBar.swift in Sources */ = {isa = PBXBuildFile; fileRef = B924FF5A2C50DD9200F75AB9 /* SearchBar.swift */; };
		B924FF5E2C51040300F75AB9 /* CustomTextField.swift in Sources */ = {isa = PBXBuildFile; fileRef = B924FF5D2C51040300F75AB9 /* CustomTextField.swift */; };
		B924FF602C51048200F75AB9 /* SecureTextField.swift in Sources */ = {isa = PBXBuildFile; fileRef = B924FF5F2C51048200F75AB9 /* SecureTextField.swift */; };
		B924FF622C5105F100F75AB9 /* CustomDropDown.swift in Sources */ = {isa = PBXBuildFile; fileRef = B924FF612C5105F100F75AB9 /* CustomDropDown.swift */; };
		B924FF642C5123EF00F75AB9 /* DateTextField.swift in Sources */ = {isa = PBXBuildFile; fileRef = B924FF632C5123EF00F75AB9 /* DateTextField.swift */; };
		B924FF662C512EAE00F75AB9 /* LabeledStepper.swift in Sources */ = {isa = PBXBuildFile; fileRef = B924FF652C512EAE00F75AB9 /* LabeledStepper.swift */; };
		B924FF682C5133BD00F75AB9 /* EventModel.swift in Sources */ = {isa = PBXBuildFile; fileRef = B924FF672C5133BD00F75AB9 /* EventModel.swift */; };
		B924FF6A2C5135B200F75AB9 /* EventViewModel.swift in Sources */ = {isa = PBXBuildFile; fileRef = B924FF692C5135B200F75AB9 /* EventViewModel.swift */; };
		B9D154832C522C06001A0771 /* ImageButton.swift in Sources */ = {isa = PBXBuildFile; fileRef = B9D154822C522C06001A0771 /* ImageButton.swift */; };
		F418EEA02C69E56E00B45D9F /* Kingfisher in Frameworks */ = {isa = PBXBuildFile; productRef = F418EE9F2C69E56E00B45D9F /* Kingfisher */; };
		F429C7592C6CDBA20021E67B /* ProfileView.swift in Sources */ = {isa = PBXBuildFile; fileRef = F429C7582C6CDBA20021E67B /* ProfileView.swift */; };
		F434967D2C60F29C008DB661 /* DetailsEventModel.swift in Sources */ = {isa = PBXBuildFile; fileRef = F434967C2C60F29C008DB661 /* DetailsEventModel.swift */; };
		F43496802C60F42A008DB661 /* APIServiceProtocol.swift in Sources */ = {isa = PBXBuildFile; fileRef = F434967F2C60F42A008DB661 /* APIServiceProtocol.swift */; };
		F4442FB82C6B365100C51996 /* KeychainService.swift in Sources */ = {isa = PBXBuildFile; fileRef = F4442FB72C6B365100C51996 /* KeychainService.swift */; };
		F4442FBA2C6B3F5100C51996 /* APIClient.swift in Sources */ = {isa = PBXBuildFile; fileRef = F4442FB92C6B3F5100C51996 /* APIClient.swift */; };
		F461A6BB2C4A4D6000BEAFE2 /* DetailsEventListView.swift in Sources */ = {isa = PBXBuildFile; fileRef = F461A6BA2C4A4D6000BEAFE2 /* DetailsEventListView.swift */; };
		F461A6BD2C4A4D7500BEAFE2 /* DetailsEventCellView.swift in Sources */ = {isa = PBXBuildFile; fileRef = F461A6BC2C4A4D7500BEAFE2 /* DetailsEventCellView.swift */; };
		F461A6BF2C4A5CCD00BEAFE2 /* CustomDropDownView.swift in Sources */ = {isa = PBXBuildFile; fileRef = F461A6BE2C4A5CCD00BEAFE2 /* CustomDropDownView.swift */; };
		F461A6C12C4A5E6500BEAFE2 /* DetailsEventListViewModel.swift in Sources */ = {isa = PBXBuildFile; fileRef = F461A6C02C4A5E6500BEAFE2 /* DetailsEventListViewModel.swift */; };
		F461A6C42C4A8EEB00BEAFE2 /* TicketModel.swift in Sources */ = {isa = PBXBuildFile; fileRef = F461A6C32C4A8EEB00BEAFE2 /* TicketModel.swift */; };
		F461A6C62C4AA12A00BEAFE2 /* TourPlanOverlayView.swift in Sources */ = {isa = PBXBuildFile; fileRef = F461A6C52C4AA12A00BEAFE2 /* TourPlanOverlayView.swift */; };
		F461A6C82C4AAA5100BEAFE2 /* NewEventCellView.swift in Sources */ = {isa = PBXBuildFile; fileRef = F461A6C72C4AAA5100BEAFE2 /* NewEventCellView.swift */; };
		F468AA072C6396C9002AB250 /* LoginView.swift in Sources */ = {isa = PBXBuildFile; fileRef = F468AA062C6396C9002AB250 /* LoginView.swift */; };
		F468AA092C63971B002AB250 /* UserResponse.swift in Sources */ = {isa = PBXBuildFile; fileRef = F468AA082C63971B002AB250 /* UserResponse.swift */; };
		F468AA0B2C639784002AB250 /* KeychainHelper.swift in Sources */ = {isa = PBXBuildFile; fileRef = F468AA0A2C639784002AB250 /* KeychainHelper.swift */; };
		F468AA0E2C6399D2002AB250 /* SplashScreenView.swift in Sources */ = {isa = PBXBuildFile; fileRef = F468AA0D2C6399D2002AB250 /* SplashScreenView.swift */; };
		F47217E92C48FC1E00ADCB54 /* CustomButtons.swift in Sources */ = {isa = PBXBuildFile; fileRef = F47217E82C48FC1E00ADCB54 /* CustomButtons.swift */; };
		F47217EB2C4901C800ADCB54 /* ContentViewModel.swift in Sources */ = {isa = PBXBuildFile; fileRef = F47217EA2C4901C800ADCB54 /* ContentViewModel.swift */; };
		F47217ED2C490A8300ADCB54 /* TourPlanListView.swift in Sources */ = {isa = PBXBuildFile; fileRef = F47217EC2C490A8300ADCB54 /* TourPlanListView.swift */; };
		F47217EF2C490AA500ADCB54 /* EventListCardView.swift in Sources */ = {isa = PBXBuildFile; fileRef = F47217EE2C490AA500ADCB54 /* EventListCardView.swift */; };
		F47217F12C49433400ADCB54 /* SegmentedView.swift in Sources */ = {isa = PBXBuildFile; fileRef = F47217F02C49433400ADCB54 /* SegmentedView.swift */; };
		F4E6FA1C2C6A5765004BE52F /* LoginObject.swift in Sources */ = {isa = PBXBuildFile; fileRef = F4E6FA1B2C6A5765004BE52F /* LoginObject.swift */; };
		F4E8E58D2C4F87DF003C661F /* EventTeamHList.swift in Sources */ = {isa = PBXBuildFile; fileRef = F4E8E58C2C4F87DF003C661F /* EventTeamHList.swift */; };
		F4E8E58F2C4F942B003C661F /* DetailsListView.swift in Sources */ = {isa = PBXBuildFile; fileRef = F4E8E58E2C4F942B003C661F /* DetailsListView.swift */; };
		F4E8E5912C4FA5D1003C661F /* AddNewKampagneView.swift in Sources */ = {isa = PBXBuildFile; fileRef = F4E8E5902C4FA5D1003C661F /* AddNewKampagneView.swift */; };
		F4E8E5932C4FDB90003C661F /* MyEventsView.swift in Sources */ = {isa = PBXBuildFile; fileRef = F4E8E5922C4FDB90003C661F /* MyEventsView.swift */; };
		F4E8E5952C4FDC5A003C661F /* MyEventsViewModel.swift in Sources */ = {isa = PBXBuildFile; fileRef = F4E8E5942C4FDC5A003C661F /* MyEventsViewModel.swift */; };
		F4E8E5A22C4FECF4003C661F /* TaskModel.swift in Sources */ = {isa = PBXBuildFile; fileRef = F4E8E5A12C4FECF4003C661F /* TaskModel.swift */; };
		F4EF380A2C4E40C400434364 /* CustomTabBar.swift in Sources */ = {isa = PBXBuildFile; fileRef = F4EF38092C4E40C400434364 /* CustomTabBar.swift */; };
		F4EF380C2C4E40F700434364 /* Network Manager.swift in Sources */ = {isa = PBXBuildFile; fileRef = F4EF380B2C4E40F700434364 /* Network Manager.swift */; };
		F4EF380E2C4E410A00434364 /* UpdateVersionManager.swift in Sources */ = {isa = PBXBuildFile; fileRef = F4EF380D2C4E410A00434364 /* UpdateVersionManager.swift */; };
		F4EF38102C4E412C00434364 /* APIConstants.swift in Sources */ = {isa = PBXBuildFile; fileRef = F4EF380F2C4E412C00434364 /* APIConstants.swift */; };
		F4EF38122C4E415900434364 /* String.swift in Sources */ = {isa = PBXBuildFile; fileRef = F4EF38112C4E415900434364 /* String.swift */; };
		F4EF38142C4E41E600434364 /* LoginViewModel.swift in Sources */ = {isa = PBXBuildFile; fileRef = F4EF38132C4E41E600434364 /* LoginViewModel.swift */; };
		F4EF38162C4E421200434364 /* AlertController.swift in Sources */ = {isa = PBXBuildFile; fileRef = F4EF38152C4E421200434364 /* AlertController.swift */; };
		F4EF38182C4E42F400434364 /* InternetConnectionBannerModifier.swift in Sources */ = {isa = PBXBuildFile; fileRef = F4EF38172C4E42F400434364 /* InternetConnectionBannerModifier.swift */; };
		F4EF3BC82C47E36C002010E6 /* net360App.swift in Sources */ = {isa = PBXBuildFile; fileRef = F4EF3BC72C47E36C002010E6 /* net360App.swift */; };
		F4EF3BCA2C47E36C002010E6 /* ContentView.swift in Sources */ = {isa = PBXBuildFile; fileRef = F4EF3BC92C47E36C002010E6 /* ContentView.swift */; };
		F4EF3BCC2C47E36D002010E6 /* Assets.xcassets in Resources */ = {isa = PBXBuildFile; fileRef = F4EF3BCB2C47E36D002010E6 /* Assets.xcassets */; };
		F4EF3BCF2C47E36D002010E6 /* Preview Assets.xcassets in Resources */ = {isa = PBXBuildFile; fileRef = F4EF3BCE2C47E36D002010E6 /* Preview Assets.xcassets */; };
		F4EF3BD82C47E51C002010E6 /* DateFieldValidator.swift in Sources */ = {isa = PBXBuildFile; fileRef = F4EF3BD72C47E51C002010E6 /* DateFieldValidator.swift */; };
		F4EF3BDB2C47E545002010E6 /* TextStyles.swift in Sources */ = {isa = PBXBuildFile; fileRef = F4EF3BDA2C47E545002010E6 /* TextStyles.swift */; };
		F4EF3BE62C47E579002010E6 /* Ubuntu-LI.ttf in Resources */ = {isa = PBXBuildFile; fileRef = F4EF3BDD2C47E579002010E6 /* Ubuntu-LI.ttf */; };
		F4EF3BE72C47E579002010E6 /* Ubuntu-MI.ttf in Resources */ = {isa = PBXBuildFile; fileRef = F4EF3BDE2C47E579002010E6 /* Ubuntu-MI.ttf */; };
		F4EF3BE82C47E579002010E6 /* Ubuntu-RI.ttf in Resources */ = {isa = PBXBuildFile; fileRef = F4EF3BDF2C47E579002010E6 /* Ubuntu-RI.ttf */; };
		F4EF3BE92C47E579002010E6 /* Ubuntu-L.ttf in Resources */ = {isa = PBXBuildFile; fileRef = F4EF3BE02C47E579002010E6 /* Ubuntu-L.ttf */; };
		F4EF3BEA2C47E579002010E6 /* Ubuntu-B.ttf in Resources */ = {isa = PBXBuildFile; fileRef = F4EF3BE12C47E579002010E6 /* Ubuntu-B.ttf */; };
		F4EF3BEB2C47E579002010E6 /* Ubuntu-C.ttf in Resources */ = {isa = PBXBuildFile; fileRef = F4EF3BE22C47E579002010E6 /* Ubuntu-C.ttf */; };
		F4EF3BEC2C47E579002010E6 /* Ubuntu-R.ttf in Resources */ = {isa = PBXBuildFile; fileRef = F4EF3BE32C47E579002010E6 /* Ubuntu-R.ttf */; };
		F4EF3BED2C47E579002010E6 /* Ubuntu-M.ttf in Resources */ = {isa = PBXBuildFile; fileRef = F4EF3BE42C47E579002010E6 /* Ubuntu-M.ttf */; };
		F4EF3BEE2C47E579002010E6 /* Ubuntu-BI.ttf in Resources */ = {isa = PBXBuildFile; fileRef = F4EF3BE52C47E579002010E6 /* Ubuntu-BI.ttf */; };
		F4EF3BF02C47E58D002010E6 /* FontExtension.swift in Sources */ = {isa = PBXBuildFile; fileRef = F4EF3BEF2C47E58D002010E6 /* FontExtension.swift */; };
		F4EF3BF22C47E5BE002010E6 /* Colors.swift in Sources */ = {isa = PBXBuildFile; fileRef = F4EF3BF12C47E5BE002010E6 /* Colors.swift */; };
		F4EF3BF52C47E6BC002010E6 /* LayoutConstants.swift in Sources */ = {isa = PBXBuildFile; fileRef = F4EF3BF42C47E6BC002010E6 /* LayoutConstants.swift */; };
		F4EF3BF72C47E6EA002010E6 /* Modifier.swift in Sources */ = {isa = PBXBuildFile; fileRef = F4EF3BF62C47E6EA002010E6 /* Modifier.swift */; };
		F4EF3BF92C47E717002010E6 /* View.swift in Sources */ = {isa = PBXBuildFile; fileRef = F4EF3BF82C47E717002010E6 /* View.swift */; };
		F4EF3BFB2C47E76B002010E6 /* Images.swift in Sources */ = {isa = PBXBuildFile; fileRef = F4EF3BFA2C47E76B002010E6 /* Images.swift */; };
		F4EF3BFD2C47E8BE002010E6 /* DeviceResolutionResolver.swift in Sources */ = {isa = PBXBuildFile; fileRef = F4EF3BFC2C47E8BE002010E6 /* DeviceResolutionResolver.swift */; };
		F4EF3C002C47ED2D002010E6 /* EventListCell.swift in Sources */ = {isa = PBXBuildFile; fileRef = F4EF3BFF2C47ED2D002010E6 /* EventListCell.swift */; };
		F4F55ABB2C6C98D500FFC66B /* SliderButton.swift in Sources */ = {isa = PBXBuildFile; fileRef = F4F55ABA2C6C98D500FFC66B /* SliderButton.swift */; };
/* End PBXBuildFile section */

/* Begin PBXFileReference section */
		B924FF5A2C50DD9200F75AB9 /* SearchBar.swift */ = {isa = PBXFileReference; lastKnownFileType = sourcecode.swift; path = SearchBar.swift; sourceTree = "<group>"; };
		B924FF5C2C50E97E00F75AB9 /* Info.plist */ = {isa = PBXFileReference; lastKnownFileType = text.plist; path = Info.plist; sourceTree = "<group>"; };
		B924FF5D2C51040300F75AB9 /* CustomTextField.swift */ = {isa = PBXFileReference; lastKnownFileType = sourcecode.swift; path = CustomTextField.swift; sourceTree = "<group>"; };
		B924FF5F2C51048200F75AB9 /* SecureTextField.swift */ = {isa = PBXFileReference; lastKnownFileType = sourcecode.swift; path = SecureTextField.swift; sourceTree = "<group>"; };
		B924FF612C5105F100F75AB9 /* CustomDropDown.swift */ = {isa = PBXFileReference; lastKnownFileType = sourcecode.swift; path = CustomDropDown.swift; sourceTree = "<group>"; };
		B924FF632C5123EF00F75AB9 /* DateTextField.swift */ = {isa = PBXFileReference; lastKnownFileType = sourcecode.swift; path = DateTextField.swift; sourceTree = "<group>"; };
		B924FF652C512EAE00F75AB9 /* LabeledStepper.swift */ = {isa = PBXFileReference; lastKnownFileType = sourcecode.swift; path = LabeledStepper.swift; sourceTree = "<group>"; };
		B924FF672C5133BD00F75AB9 /* EventModel.swift */ = {isa = PBXFileReference; lastKnownFileType = sourcecode.swift; path = EventModel.swift; sourceTree = "<group>"; };
		B924FF692C5135B200F75AB9 /* EventViewModel.swift */ = {isa = PBXFileReference; lastKnownFileType = sourcecode.swift; path = EventViewModel.swift; sourceTree = "<group>"; };
		B9D154822C522C06001A0771 /* ImageButton.swift */ = {isa = PBXFileReference; lastKnownFileType = sourcecode.swift; path = ImageButton.swift; sourceTree = "<group>"; };
		F429C7582C6CDBA20021E67B /* ProfileView.swift */ = {isa = PBXFileReference; lastKnownFileType = sourcecode.swift; path = ProfileView.swift; sourceTree = "<group>"; };
		F434967C2C60F29C008DB661 /* DetailsEventModel.swift */ = {isa = PBXFileReference; lastKnownFileType = sourcecode.swift; path = DetailsEventModel.swift; sourceTree = "<group>"; };
		F434967F2C60F42A008DB661 /* APIServiceProtocol.swift */ = {isa = PBXFileReference; lastKnownFileType = sourcecode.swift; path = APIServiceProtocol.swift; sourceTree = "<group>"; };
		F4442FB72C6B365100C51996 /* KeychainService.swift */ = {isa = PBXFileReference; lastKnownFileType = sourcecode.swift; path = KeychainService.swift; sourceTree = "<group>"; };
		F4442FB92C6B3F5100C51996 /* APIClient.swift */ = {isa = PBXFileReference; lastKnownFileType = sourcecode.swift; path = APIClient.swift; sourceTree = "<group>"; };
		F461A6BA2C4A4D6000BEAFE2 /* DetailsEventListView.swift */ = {isa = PBXFileReference; lastKnownFileType = sourcecode.swift; path = DetailsEventListView.swift; sourceTree = "<group>"; };
		F461A6BC2C4A4D7500BEAFE2 /* DetailsEventCellView.swift */ = {isa = PBXFileReference; lastKnownFileType = sourcecode.swift; path = DetailsEventCellView.swift; sourceTree = "<group>"; };
		F461A6BE2C4A5CCD00BEAFE2 /* CustomDropDownView.swift */ = {isa = PBXFileReference; lastKnownFileType = sourcecode.swift; path = CustomDropDownView.swift; sourceTree = "<group>"; };
		F461A6C02C4A5E6500BEAFE2 /* DetailsEventListViewModel.swift */ = {isa = PBXFileReference; lastKnownFileType = sourcecode.swift; path = DetailsEventListViewModel.swift; sourceTree = "<group>"; };
		F461A6C32C4A8EEB00BEAFE2 /* TicketModel.swift */ = {isa = PBXFileReference; lastKnownFileType = sourcecode.swift; path = TicketModel.swift; sourceTree = "<group>"; };
		F461A6C52C4AA12A00BEAFE2 /* TourPlanOverlayView.swift */ = {isa = PBXFileReference; lastKnownFileType = sourcecode.swift; path = TourPlanOverlayView.swift; sourceTree = "<group>"; };
		F461A6C72C4AAA5100BEAFE2 /* NewEventCellView.swift */ = {isa = PBXFileReference; lastKnownFileType = sourcecode.swift; path = NewEventCellView.swift; sourceTree = "<group>"; };
		F468AA062C6396C9002AB250 /* LoginView.swift */ = {isa = PBXFileReference; lastKnownFileType = sourcecode.swift; path = LoginView.swift; sourceTree = "<group>"; };
		F468AA082C63971B002AB250 /* UserResponse.swift */ = {isa = PBXFileReference; lastKnownFileType = sourcecode.swift; path = UserResponse.swift; sourceTree = "<group>"; };
		F468AA0A2C639784002AB250 /* KeychainHelper.swift */ = {isa = PBXFileReference; lastKnownFileType = sourcecode.swift; path = KeychainHelper.swift; sourceTree = "<group>"; };
		F468AA0D2C6399D2002AB250 /* SplashScreenView.swift */ = {isa = PBXFileReference; lastKnownFileType = sourcecode.swift; path = SplashScreenView.swift; sourceTree = "<group>"; };
		F47217E82C48FC1E00ADCB54 /* CustomButtons.swift */ = {isa = PBXFileReference; lastKnownFileType = sourcecode.swift; path = CustomButtons.swift; sourceTree = "<group>"; };
		F47217EA2C4901C800ADCB54 /* ContentViewModel.swift */ = {isa = PBXFileReference; lastKnownFileType = sourcecode.swift; path = ContentViewModel.swift; sourceTree = "<group>"; };
		F47217EC2C490A8300ADCB54 /* TourPlanListView.swift */ = {isa = PBXFileReference; lastKnownFileType = sourcecode.swift; path = TourPlanListView.swift; sourceTree = "<group>"; };
		F47217EE2C490AA500ADCB54 /* EventListCardView.swift */ = {isa = PBXFileReference; lastKnownFileType = sourcecode.swift; path = EventListCardView.swift; sourceTree = "<group>"; };
		F47217F02C49433400ADCB54 /* SegmentedView.swift */ = {isa = PBXFileReference; lastKnownFileType = sourcecode.swift; path = SegmentedView.swift; sourceTree = "<group>"; };
		F4E6FA1B2C6A5765004BE52F /* LoginObject.swift */ = {isa = PBXFileReference; lastKnownFileType = sourcecode.swift; path = LoginObject.swift; sourceTree = "<group>"; };
		F4E8E58C2C4F87DF003C661F /* EventTeamHList.swift */ = {isa = PBXFileReference; lastKnownFileType = sourcecode.swift; path = EventTeamHList.swift; sourceTree = "<group>"; };
		F4E8E58E2C4F942B003C661F /* DetailsListView.swift */ = {isa = PBXFileReference; lastKnownFileType = sourcecode.swift; path = DetailsListView.swift; sourceTree = "<group>"; };
		F4E8E5902C4FA5D1003C661F /* AddNewKampagneView.swift */ = {isa = PBXFileReference; lastKnownFileType = sourcecode.swift; path = AddNewKampagneView.swift; sourceTree = "<group>"; };
		F4E8E5922C4FDB90003C661F /* MyEventsView.swift */ = {isa = PBXFileReference; lastKnownFileType = sourcecode.swift; path = MyEventsView.swift; sourceTree = "<group>"; };
		F4E8E5942C4FDC5A003C661F /* MyEventsViewModel.swift */ = {isa = PBXFileReference; lastKnownFileType = sourcecode.swift; path = MyEventsViewModel.swift; sourceTree = "<group>"; };
		F4E8E5A12C4FECF4003C661F /* TaskModel.swift */ = {isa = PBXFileReference; lastKnownFileType = sourcecode.swift; path = TaskModel.swift; sourceTree = "<group>"; };
		F4EF38092C4E40C400434364 /* CustomTabBar.swift */ = {isa = PBXFileReference; lastKnownFileType = sourcecode.swift; path = CustomTabBar.swift; sourceTree = "<group>"; };
		F4EF380B2C4E40F700434364 /* Network Manager.swift */ = {isa = PBXFileReference; lastKnownFileType = sourcecode.swift; path = "Network Manager.swift"; sourceTree = "<group>"; };
		F4EF380D2C4E410A00434364 /* UpdateVersionManager.swift */ = {isa = PBXFileReference; lastKnownFileType = sourcecode.swift; path = UpdateVersionManager.swift; sourceTree = "<group>"; };
		F4EF380F2C4E412C00434364 /* APIConstants.swift */ = {isa = PBXFileReference; lastKnownFileType = sourcecode.swift; path = APIConstants.swift; sourceTree = "<group>"; };
		F4EF38112C4E415900434364 /* String.swift */ = {isa = PBXFileReference; lastKnownFileType = sourcecode.swift; path = String.swift; sourceTree = "<group>"; };
		F4EF38132C4E41E600434364 /* LoginViewModel.swift */ = {isa = PBXFileReference; lastKnownFileType = sourcecode.swift; path = LoginViewModel.swift; sourceTree = "<group>"; };
		F4EF38152C4E421200434364 /* AlertController.swift */ = {isa = PBXFileReference; lastKnownFileType = sourcecode.swift; path = AlertController.swift; sourceTree = "<group>"; };
		F4EF38172C4E42F400434364 /* InternetConnectionBannerModifier.swift */ = {isa = PBXFileReference; lastKnownFileType = sourcecode.swift; path = InternetConnectionBannerModifier.swift; sourceTree = "<group>"; };
		F4EF3BC42C47E36C002010E6 /* net360.app */ = {isa = PBXFileReference; explicitFileType = wrapper.application; includeInIndex = 0; path = net360.app; sourceTree = BUILT_PRODUCTS_DIR; };
		F4EF3BC72C47E36C002010E6 /* net360App.swift */ = {isa = PBXFileReference; lastKnownFileType = sourcecode.swift; path = net360App.swift; sourceTree = "<group>"; };
		F4EF3BC92C47E36C002010E6 /* ContentView.swift */ = {isa = PBXFileReference; lastKnownFileType = sourcecode.swift; path = ContentView.swift; sourceTree = "<group>"; };
		F4EF3BCB2C47E36D002010E6 /* Assets.xcassets */ = {isa = PBXFileReference; lastKnownFileType = folder.assetcatalog; path = Assets.xcassets; sourceTree = "<group>"; };
		F4EF3BCE2C47E36D002010E6 /* Preview Assets.xcassets */ = {isa = PBXFileReference; lastKnownFileType = folder.assetcatalog; path = "Preview Assets.xcassets"; sourceTree = "<group>"; };
		F4EF3BD72C47E51C002010E6 /* DateFieldValidator.swift */ = {isa = PBXFileReference; lastKnownFileType = sourcecode.swift; path = DateFieldValidator.swift; sourceTree = "<group>"; };
		F4EF3BDA2C47E545002010E6 /* TextStyles.swift */ = {isa = PBXFileReference; lastKnownFileType = sourcecode.swift; path = TextStyles.swift; sourceTree = "<group>"; };
		F4EF3BDD2C47E579002010E6 /* Ubuntu-LI.ttf */ = {isa = PBXFileReference; lastKnownFileType = file; path = "Ubuntu-LI.ttf"; sourceTree = "<group>"; };
		F4EF3BDE2C47E579002010E6 /* Ubuntu-MI.ttf */ = {isa = PBXFileReference; lastKnownFileType = file; path = "Ubuntu-MI.ttf"; sourceTree = "<group>"; };
		F4EF3BDF2C47E579002010E6 /* Ubuntu-RI.ttf */ = {isa = PBXFileReference; lastKnownFileType = file; path = "Ubuntu-RI.ttf"; sourceTree = "<group>"; };
		F4EF3BE02C47E579002010E6 /* Ubuntu-L.ttf */ = {isa = PBXFileReference; lastKnownFileType = file; path = "Ubuntu-L.ttf"; sourceTree = "<group>"; };
		F4EF3BE12C47E579002010E6 /* Ubuntu-B.ttf */ = {isa = PBXFileReference; lastKnownFileType = file; path = "Ubuntu-B.ttf"; sourceTree = "<group>"; };
		F4EF3BE22C47E579002010E6 /* Ubuntu-C.ttf */ = {isa = PBXFileReference; lastKnownFileType = file; path = "Ubuntu-C.ttf"; sourceTree = "<group>"; };
		F4EF3BE32C47E579002010E6 /* Ubuntu-R.ttf */ = {isa = PBXFileReference; lastKnownFileType = file; path = "Ubuntu-R.ttf"; sourceTree = "<group>"; };
		F4EF3BE42C47E579002010E6 /* Ubuntu-M.ttf */ = {isa = PBXFileReference; lastKnownFileType = file; path = "Ubuntu-M.ttf"; sourceTree = "<group>"; };
		F4EF3BE52C47E579002010E6 /* Ubuntu-BI.ttf */ = {isa = PBXFileReference; lastKnownFileType = file; path = "Ubuntu-BI.ttf"; sourceTree = "<group>"; };
		F4EF3BEF2C47E58D002010E6 /* FontExtension.swift */ = {isa = PBXFileReference; lastKnownFileType = sourcecode.swift; path = FontExtension.swift; sourceTree = "<group>"; };
		F4EF3BF12C47E5BE002010E6 /* Colors.swift */ = {isa = PBXFileReference; lastKnownFileType = sourcecode.swift; path = Colors.swift; sourceTree = "<group>"; };
		F4EF3BF42C47E6BC002010E6 /* LayoutConstants.swift */ = {isa = PBXFileReference; lastKnownFileType = sourcecode.swift; path = LayoutConstants.swift; sourceTree = "<group>"; };
		F4EF3BF62C47E6EA002010E6 /* Modifier.swift */ = {isa = PBXFileReference; lastKnownFileType = sourcecode.swift; path = Modifier.swift; sourceTree = "<group>"; };
		F4EF3BF82C47E717002010E6 /* View.swift */ = {isa = PBXFileReference; lastKnownFileType = sourcecode.swift; path = View.swift; sourceTree = "<group>"; };
		F4EF3BFA2C47E76B002010E6 /* Images.swift */ = {isa = PBXFileReference; lastKnownFileType = sourcecode.swift; path = Images.swift; sourceTree = "<group>"; };
		F4EF3BFC2C47E8BE002010E6 /* DeviceResolutionResolver.swift */ = {isa = PBXFileReference; lastKnownFileType = sourcecode.swift; path = DeviceResolutionResolver.swift; sourceTree = "<group>"; };
		F4EF3BFF2C47ED2D002010E6 /* EventListCell.swift */ = {isa = PBXFileReference; lastKnownFileType = sourcecode.swift; path = EventListCell.swift; sourceTree = "<group>"; };
		F4F55ABA2C6C98D500FFC66B /* SliderButton.swift */ = {isa = PBXFileReference; lastKnownFileType = sourcecode.swift; path = SliderButton.swift; sourceTree = "<group>"; };
/* End PBXFileReference section */

/* Begin PBXFrameworksBuildPhase section */
		F4EF3BC12C47E36C002010E6 /* Frameworks */ = {
			isa = PBXFrameworksBuildPhase;
			buildActionMask = 2147483647;
			files = (
				F418EEA02C69E56E00B45D9F /* Kingfisher in Frameworks */,
			);
			runOnlyForDeploymentPostprocessing = 0;
		};
/* End PBXFrameworksBuildPhase section */

/* Begin PBXGroup section */
		F434967E2C60F3E2008DB661 /* APIServices */ = {
			isa = PBXGroup;
			children = (
				F434967F2C60F42A008DB661 /* APIServiceProtocol.swift */,
			);
			path = APIServices;
			sourceTree = "<group>";
		};
		F461A6C22C4A8ECD00BEAFE2 /* Models */ = {
			isa = PBXGroup;
			children = (
				F461A6C32C4A8EEB00BEAFE2 /* TicketModel.swift */,
				F4E8E5A12C4FECF4003C661F /* TaskModel.swift */,
				B924FF672C5133BD00F75AB9 /* EventModel.swift */,
				F434967C2C60F29C008DB661 /* DetailsEventModel.swift */,
				F468AA082C63971B002AB250 /* UserResponse.swift */,
				F4E6FA1B2C6A5765004BE52F /* LoginObject.swift */,
			);
			path = Models;
			sourceTree = "<group>";
		};
		F468AA0C2C6399C4002AB250 /* SplashScreenView */ = {
			isa = PBXGroup;
			children = (
				F468AA0D2C6399D2002AB250 /* SplashScreenView.swift */,
			);
			path = SplashScreenView;
			sourceTree = "<group>";
		};
		F4E8E5962C4FEB4F003C661F /* Features */ = {
			isa = PBXGroup;
			children = (
				F468AA0C2C6399C4002AB250 /* SplashScreenView */,
				F4E8E5A32C4FED3E003C661F /* Login */,
				F4E8E59E2C4FECB2003C661F /* MyEvents */,
				F4E8E59B2C4FEBDA003C661F /* TourPlan */,
				F4E8E5972C4FEB74003C661F /* Home */,
				F429C7582C6CDBA20021E67B /* ProfileView.swift */,
			);
			path = Features;
			sourceTree = "<group>";
		};
		F4E8E5972C4FEB74003C661F /* Home */ = {
			isa = PBXGroup;
			children = (
				F4E8E59A2C4FEBAB003C661F /* ViewModel */,
				F4E8E5992C4FEBA1003C661F /* Views */,
			);
			path = Home;
			sourceTree = "<group>";
		};
		F4E8E5992C4FEBA1003C661F /* Views */ = {
			isa = PBXGroup;
			children = (
				F4EF3BC92C47E36C002010E6 /* ContentView.swift */,
				F4EF3BFF2C47ED2D002010E6 /* EventListCell.swift */,
				F461A6C72C4AAA5100BEAFE2 /* NewEventCellView.swift */,
				F4E8E5902C4FA5D1003C661F /* AddNewKampagneView.swift */,
			);
			path = Views;
			sourceTree = "<group>";
		};
		F4E8E59A2C4FEBAB003C661F /* ViewModel */ = {
			isa = PBXGroup;
			children = (
				F47217EA2C4901C800ADCB54 /* ContentViewModel.swift */,
				B924FF692C5135B200F75AB9 /* EventViewModel.swift */,
			);
			path = ViewModel;
			sourceTree = "<group>";
		};
		F4E8E59B2C4FEBDA003C661F /* TourPlan */ = {
			isa = PBXGroup;
			children = (
				F4E8E59D2C4FEC15003C661F /* ViewModel */,
				F4E8E59C2C4FEC11003C661F /* Views */,
			);
			path = TourPlan;
			sourceTree = "<group>";
		};
		F4E8E59C2C4FEC11003C661F /* Views */ = {
			isa = PBXGroup;
			children = (
				F47217EC2C490A8300ADCB54 /* TourPlanListView.swift */,
				F47217EE2C490AA500ADCB54 /* EventListCardView.swift */,
				F461A6BA2C4A4D6000BEAFE2 /* DetailsEventListView.swift */,
				F461A6BC2C4A4D7500BEAFE2 /* DetailsEventCellView.swift */,
				F461A6C52C4AA12A00BEAFE2 /* TourPlanOverlayView.swift */,
				F4E8E58C2C4F87DF003C661F /* EventTeamHList.swift */,
				F4E8E58E2C4F942B003C661F /* DetailsListView.swift */,
			);
			path = Views;
			sourceTree = "<group>";
		};
		F4E8E59D2C4FEC15003C661F /* ViewModel */ = {
			isa = PBXGroup;
			children = (
				F461A6C02C4A5E6500BEAFE2 /* DetailsEventListViewModel.swift */,
			);
			path = ViewModel;
			sourceTree = "<group>";
		};
		F4E8E59E2C4FECB2003C661F /* MyEvents */ = {
			isa = PBXGroup;
			children = (
				F4E8E5A02C4FECC0003C661F /* ViewModel */,
				F4E8E59F2C4FECBC003C661F /* Views */,
			);
			path = MyEvents;
			sourceTree = "<group>";
		};
		F4E8E59F2C4FECBC003C661F /* Views */ = {
			isa = PBXGroup;
			children = (
				F4E8E5922C4FDB90003C661F /* MyEventsView.swift */,
			);
			path = Views;
			sourceTree = "<group>";
		};
		F4E8E5A02C4FECC0003C661F /* ViewModel */ = {
			isa = PBXGroup;
			children = (
				F4E8E5942C4FDC5A003C661F /* MyEventsViewModel.swift */,
			);
			path = ViewModel;
			sourceTree = "<group>";
		};
		F4E8E5A32C4FED3E003C661F /* Login */ = {
			isa = PBXGroup;
			children = (
				F4EF38132C4E41E600434364 /* LoginViewModel.swift */,
				F468AA062C6396C9002AB250 /* LoginView.swift */,
			);
			path = Login;
			sourceTree = "<group>";
		};
		F4EF3BBB2C47E36B002010E6 = {
			isa = PBXGroup;
			children = (
				F4EF3BC62C47E36C002010E6 /* net360 */,
				F4EF3BC52C47E36C002010E6 /* Products */,
			);
			sourceTree = "<group>";
		};
		F4EF3BC52C47E36C002010E6 /* Products */ = {
			isa = PBXGroup;
			children = (
				F4EF3BC42C47E36C002010E6 /* net360.app */,
			);
			name = Products;
			sourceTree = "<group>";
		};
		F4EF3BC62C47E36C002010E6 /* net360 */ = {
			isa = PBXGroup;
			children = (
				F434967E2C60F3E2008DB661 /* APIServices */,
				B924FF5C2C50E97E00F75AB9 /* Info.plist */,
				F4E8E5962C4FEB4F003C661F /* Features */,
				F461A6C22C4A8ECD00BEAFE2 /* Models */,
				F4EF3BFE2C47ED17002010E6 /* View */,
				F4EF3BF32C47E6AA002010E6 /* Utilities */,
				F4EF3BDC2C47E566002010E6 /* Font */,
				F4EF3BD92C47E537002010E6 /* Extensions */,
				F4EF3BC72C47E36C002010E6 /* net360App.swift */,
				F4EF3BCB2C47E36D002010E6 /* Assets.xcassets */,
				F4EF3BCD2C47E36D002010E6 /* Preview Content */,
			);
			path = net360;
			sourceTree = "<group>";
		};
		F4EF3BCD2C47E36D002010E6 /* Preview Content */ = {
			isa = PBXGroup;
			children = (
				F4EF3BCE2C47E36D002010E6 /* Preview Assets.xcassets */,
			);
			path = "Preview Content";
			sourceTree = "<group>";
		};
		F4EF3BD92C47E537002010E6 /* Extensions */ = {
			isa = PBXGroup;
			children = (
				F4EF3BDA2C47E545002010E6 /* TextStyles.swift */,
				F4EF3BEF2C47E58D002010E6 /* FontExtension.swift */,
				F4EF3BF12C47E5BE002010E6 /* Colors.swift */,
				F4EF3BF82C47E717002010E6 /* View.swift */,
				F4EF3BFA2C47E76B002010E6 /* Images.swift */,
				F47217E82C48FC1E00ADCB54 /* CustomButtons.swift */,
				F4EF38112C4E415900434364 /* String.swift */,
			);
			path = Extensions;
			sourceTree = "<group>";
		};
		F4EF3BDC2C47E566002010E6 /* Font */ = {
			isa = PBXGroup;
			children = (
				F4EF3BE12C47E579002010E6 /* Ubuntu-B.ttf */,
				F4EF3BE52C47E579002010E6 /* Ubuntu-BI.ttf */,
				F4EF3BE22C47E579002010E6 /* Ubuntu-C.ttf */,
				F4EF3BE02C47E579002010E6 /* Ubuntu-L.ttf */,
				F4EF3BDD2C47E579002010E6 /* Ubuntu-LI.ttf */,
				F4EF3BE42C47E579002010E6 /* Ubuntu-M.ttf */,
				F4EF3BDE2C47E579002010E6 /* Ubuntu-MI.ttf */,
				F4EF3BE32C47E579002010E6 /* Ubuntu-R.ttf */,
				F4EF3BDF2C47E579002010E6 /* Ubuntu-RI.ttf */,
			);
			path = Font;
			sourceTree = "<group>";
		};
		F4EF3BF32C47E6AA002010E6 /* Utilities */ = {
			isa = PBXGroup;
			children = (
				F4EF3BF42C47E6BC002010E6 /* LayoutConstants.swift */,
				F4EF3BF62C47E6EA002010E6 /* Modifier.swift */,
				F4EF3BFC2C47E8BE002010E6 /* DeviceResolutionResolver.swift */,
				F4EF3BD72C47E51C002010E6 /* DateFieldValidator.swift */,
				F4EF380B2C4E40F700434364 /* Network Manager.swift */,
				F4EF380D2C4E410A00434364 /* UpdateVersionManager.swift */,
				F4EF380F2C4E412C00434364 /* APIConstants.swift */,
				F4EF38152C4E421200434364 /* AlertController.swift */,
				F4EF38172C4E42F400434364 /* InternetConnectionBannerModifier.swift */,
				F468AA0A2C639784002AB250 /* KeychainHelper.swift */,
				F4442FB72C6B365100C51996 /* KeychainService.swift */,
				F4442FB92C6B3F5100C51996 /* APIClient.swift */,
			);
			path = Utilities;
			sourceTree = "<group>";
		};
		F4EF3BFE2C47ED17002010E6 /* View */ = {
			isa = PBXGroup;
			children = (
				F4F55AB92C6C988A00FFC66B /* SlideButton */,
				F47217F02C49433400ADCB54 /* SegmentedView.swift */,
				F461A6BE2C4A5CCD00BEAFE2 /* CustomDropDownView.swift */,
				F4EF38092C4E40C400434364 /* CustomTabBar.swift */,
				B924FF5A2C50DD9200F75AB9 /* SearchBar.swift */,
				B924FF5D2C51040300F75AB9 /* CustomTextField.swift */,
				B924FF5F2C51048200F75AB9 /* SecureTextField.swift */,
				B924FF612C5105F100F75AB9 /* CustomDropDown.swift */,
				B924FF632C5123EF00F75AB9 /* DateTextField.swift */,
				B924FF652C512EAE00F75AB9 /* LabeledStepper.swift */,
				B9D154822C522C06001A0771 /* ImageButton.swift */,
			);
			path = View;
			sourceTree = "<group>";
		};
		F4F55AB92C6C988A00FFC66B /* SlideButton */ = {
			isa = PBXGroup;
			children = (
				F4F55ABA2C6C98D500FFC66B /* SliderButton.swift */,
			);
			path = SlideButton;
			sourceTree = "<group>";
		};
/* End PBXGroup section */

/* Begin PBXNativeTarget section */
		F4EF3BC32C47E36C002010E6 /* net360 */ = {
			isa = PBXNativeTarget;
			buildConfigurationList = F4EF3BD22C47E36D002010E6 /* Build configuration list for PBXNativeTarget "net360" */;
			buildPhases = (
				F4EF3BC02C47E36C002010E6 /* Sources */,
				F4EF3BC12C47E36C002010E6 /* Frameworks */,
				F4EF3BC22C47E36C002010E6 /* Resources */,
			);
			buildRules = (
			);
			dependencies = (
			);
			name = net360;
			packageProductDependencies = (
				F418EE9F2C69E56E00B45D9F /* Kingfisher */,
			);
			productName = net360;
			productReference = F4EF3BC42C47E36C002010E6 /* net360.app */;
			productType = "com.apple.product-type.application";
		};
/* End PBXNativeTarget section */

/* Begin PBXProject section */
		F4EF3BBC2C47E36B002010E6 /* Project object */ = {
			isa = PBXProject;
			attributes = {
				BuildIndependentTargetsInParallel = 1;
				LastSwiftUpdateCheck = 1430;
				LastUpgradeCheck = 1430;
				TargetAttributes = {
					F4EF3BC32C47E36C002010E6 = {
						CreatedOnToolsVersion = 14.3.1;
					};
				};
			};
			buildConfigurationList = F4EF3BBF2C47E36B002010E6 /* Build configuration list for PBXProject "net360" */;
			compatibilityVersion = "Xcode 14.0";
			developmentRegion = en;
			hasScannedForEncodings = 0;
			knownRegions = (
				en,
				Base,
			);
			mainGroup = F4EF3BBB2C47E36B002010E6;
			packageReferences = (
				F418EE9E2C69E56E00B45D9F /* XCRemoteSwiftPackageReference "Kingfisher" */,
			);
			productRefGroup = F4EF3BC52C47E36C002010E6 /* Products */;
			projectDirPath = "";
			projectRoot = "";
			targets = (
				F4EF3BC32C47E36C002010E6 /* net360 */,
			);
		};
/* End PBXProject section */

/* Begin PBXResourcesBuildPhase section */
		F4EF3BC22C47E36C002010E6 /* Resources */ = {
			isa = PBXResourcesBuildPhase;
			buildActionMask = 2147483647;
			files = (
				F4EF3BE92C47E579002010E6 /* Ubuntu-L.ttf in Resources */,
				F4EF3BED2C47E579002010E6 /* Ubuntu-M.ttf in Resources */,
				F4EF3BEE2C47E579002010E6 /* Ubuntu-BI.ttf in Resources */,
				F4EF3BE62C47E579002010E6 /* Ubuntu-LI.ttf in Resources */,
				F4EF3BE82C47E579002010E6 /* Ubuntu-RI.ttf in Resources */,
				F4EF3BEB2C47E579002010E6 /* Ubuntu-C.ttf in Resources */,
				F4EF3BEA2C47E579002010E6 /* Ubuntu-B.ttf in Resources */,
				F4EF3BCF2C47E36D002010E6 /* Preview Assets.xcassets in Resources */,
				F4EF3BEC2C47E579002010E6 /* Ubuntu-R.ttf in Resources */,
				F4EF3BCC2C47E36D002010E6 /* Assets.xcassets in Resources */,
				F4EF3BE72C47E579002010E6 /* Ubuntu-MI.ttf in Resources */,
			);
			runOnlyForDeploymentPostprocessing = 0;
		};
/* End PBXResourcesBuildPhase section */

/* Begin PBXSourcesBuildPhase section */
		F4EF3BC02C47E36C002010E6 /* Sources */ = {
			isa = PBXSourcesBuildPhase;
			buildActionMask = 2147483647;
			files = (
				F4EF38122C4E415900434364 /* String.swift in Sources */,
				F47217ED2C490A8300ADCB54 /* TourPlanListView.swift in Sources */,
				F47217F12C49433400ADCB54 /* SegmentedView.swift in Sources */,
				F4EF3BF02C47E58D002010E6 /* FontExtension.swift in Sources */,
				B924FF5E2C51040300F75AB9 /* CustomTextField.swift in Sources */,
				F47217E92C48FC1E00ADCB54 /* CustomButtons.swift in Sources */,
				F461A6BB2C4A4D6000BEAFE2 /* DetailsEventListView.swift in Sources */,
				F4EF3BF92C47E717002010E6 /* View.swift in Sources */,
				F4E6FA1C2C6A5765004BE52F /* LoginObject.swift in Sources */,
				F4E8E5932C4FDB90003C661F /* MyEventsView.swift in Sources */,
				B924FF622C5105F100F75AB9 /* CustomDropDown.swift in Sources */,
				F4E8E58F2C4F942B003C661F /* DetailsListView.swift in Sources */,
				B924FF6A2C5135B200F75AB9 /* EventViewModel.swift in Sources */,
				B924FF662C512EAE00F75AB9 /* LabeledStepper.swift in Sources */,
				F4EF3BFB2C47E76B002010E6 /* Images.swift in Sources */,
				F4EF38142C4E41E600434364 /* LoginViewModel.swift in Sources */,
				F4EF38162C4E421200434364 /* AlertController.swift in Sources */,
				F4EF380E2C4E410A00434364 /* UpdateVersionManager.swift in Sources */,
				B924FF642C5123EF00F75AB9 /* DateTextField.swift in Sources */,
				F4EF38102C4E412C00434364 /* APIConstants.swift in Sources */,
				F461A6C12C4A5E6500BEAFE2 /* DetailsEventListViewModel.swift in Sources */,
				F47217EF2C490AA500ADCB54 /* EventListCardView.swift in Sources */,
				B924FF602C51048200F75AB9 /* SecureTextField.swift in Sources */,
				F461A6C42C4A8EEB00BEAFE2 /* TicketModel.swift in Sources */,
				F4EF3BCA2C47E36C002010E6 /* ContentView.swift in Sources */,
				F4EF3BF52C47E6BC002010E6 /* LayoutConstants.swift in Sources */,
				B9D154832C522C06001A0771 /* ImageButton.swift in Sources */,
				F461A6BF2C4A5CCD00BEAFE2 /* CustomDropDownView.swift in Sources */,
				F434967D2C60F29C008DB661 /* DetailsEventModel.swift in Sources */,
				F4E8E5952C4FDC5A003C661F /* MyEventsViewModel.swift in Sources */,
				F468AA0E2C6399D2002AB250 /* SplashScreenView.swift in Sources */,
				F43496802C60F42A008DB661 /* APIServiceProtocol.swift in Sources */,
				F461A6BD2C4A4D7500BEAFE2 /* DetailsEventCellView.swift in Sources */,
				F4E8E5912C4FA5D1003C661F /* AddNewKampagneView.swift in Sources */,
				B924FF682C5133BD00F75AB9 /* EventModel.swift in Sources */,
				F4EF3BF22C47E5BE002010E6 /* Colors.swift in Sources */,
				F4F55ABB2C6C98D500FFC66B /* SliderButton.swift in Sources */,
				F4E8E5A22C4FECF4003C661F /* TaskModel.swift in Sources */,
				F4E8E58D2C4F87DF003C661F /* EventTeamHList.swift in Sources */,
				B924FF5B2C50DD9200F75AB9 /* SearchBar.swift in Sources */,
				F429C7592C6CDBA20021E67B /* ProfileView.swift in Sources */,
				F4EF3BDB2C47E545002010E6 /* TextStyles.swift in Sources */,
				F468AA072C6396C9002AB250 /* LoginView.swift in Sources */,
				F461A6C82C4AAA5100BEAFE2 /* NewEventCellView.swift in Sources */,
				F4EF3BC82C47E36C002010E6 /* net360App.swift in Sources */,
				F4442FBA2C6B3F5100C51996 /* APIClient.swift in Sources */,
				F468AA092C63971B002AB250 /* UserResponse.swift in Sources */,
				F4EF3BD82C47E51C002010E6 /* DateFieldValidator.swift in Sources */,
				F4EF3BF72C47E6EA002010E6 /* Modifier.swift in Sources */,
				F461A6C62C4AA12A00BEAFE2 /* TourPlanOverlayView.swift in Sources */,
				F4EF380C2C4E40F700434364 /* Network Manager.swift in Sources */,
				F4442FB82C6B365100C51996 /* KeychainService.swift in Sources */,
				F4EF380A2C4E40C400434364 /* CustomTabBar.swift in Sources */,
				F468AA0B2C639784002AB250 /* KeychainHelper.swift in Sources */,
				F4EF3BFD2C47E8BE002010E6 /* DeviceResolutionResolver.swift in Sources */,
				F4EF3C002C47ED2D002010E6 /* EventListCell.swift in Sources */,
				F47217EB2C4901C800ADCB54 /* ContentViewModel.swift in Sources */,
				F4EF38182C4E42F400434364 /* InternetConnectionBannerModifier.swift in Sources */,
			);
			runOnlyForDeploymentPostprocessing = 0;
		};
/* End PBXSourcesBuildPhase section */

/* Begin XCBuildConfiguration section */
		F4EF3BD02C47E36D002010E6 /* Debug */ = {
			isa = XCBuildConfiguration;
			buildSettings = {
				ALWAYS_SEARCH_USER_PATHS = NO;
				CLANG_ANALYZER_NONNULL = YES;
				CLANG_ANALYZER_NUMBER_OBJECT_CONVERSION = YES_AGGRESSIVE;
				CLANG_CXX_LANGUAGE_STANDARD = "gnu++20";
				CLANG_ENABLE_MODULES = YES;
				CLANG_ENABLE_OBJC_ARC = YES;
				CLANG_ENABLE_OBJC_WEAK = YES;
				CLANG_WARN_BLOCK_CAPTURE_AUTORELEASING = YES;
				CLANG_WARN_BOOL_CONVERSION = YES;
				CLANG_WARN_COMMA = YES;
				CLANG_WARN_CONSTANT_CONVERSION = YES;
				CLANG_WARN_DEPRECATED_OBJC_IMPLEMENTATIONS = YES;
				CLANG_WARN_DIRECT_OBJC_ISA_USAGE = YES_ERROR;
				CLANG_WARN_DOCUMENTATION_COMMENTS = YES;
				CLANG_WARN_EMPTY_BODY = YES;
				CLANG_WARN_ENUM_CONVERSION = YES;
				CLANG_WARN_INFINITE_RECURSION = YES;
				CLANG_WARN_INT_CONVERSION = YES;
				CLANG_WARN_NON_LITERAL_NULL_CONVERSION = YES;
				CLANG_WARN_OBJC_IMPLICIT_RETAIN_SELF = YES;
				CLANG_WARN_OBJC_LITERAL_CONVERSION = YES;
				CLANG_WARN_OBJC_ROOT_CLASS = YES_ERROR;
				CLANG_WARN_QUOTED_INCLUDE_IN_FRAMEWORK_HEADER = YES;
				CLANG_WARN_RANGE_LOOP_ANALYSIS = YES;
				CLANG_WARN_STRICT_PROTOTYPES = YES;
				CLANG_WARN_SUSPICIOUS_MOVE = YES;
				CLANG_WARN_UNGUARDED_AVAILABILITY = YES_AGGRESSIVE;
				CLANG_WARN_UNREACHABLE_CODE = YES;
				CLANG_WARN__DUPLICATE_METHOD_MATCH = YES;
				COPY_PHASE_STRIP = NO;
				DEBUG_INFORMATION_FORMAT = dwarf;
				ENABLE_STRICT_OBJC_MSGSEND = YES;
				ENABLE_TESTABILITY = YES;
				GCC_C_LANGUAGE_STANDARD = gnu11;
				GCC_DYNAMIC_NO_PIC = NO;
				GCC_NO_COMMON_BLOCKS = YES;
				GCC_OPTIMIZATION_LEVEL = 0;
				GCC_PREPROCESSOR_DEFINITIONS = (
					"DEBUG=1",
					"$(inherited)",
				);
				GCC_WARN_64_TO_32_BIT_CONVERSION = YES;
				GCC_WARN_ABOUT_RETURN_TYPE = YES_ERROR;
				GCC_WARN_UNDECLARED_SELECTOR = YES;
				GCC_WARN_UNINITIALIZED_AUTOS = YES_AGGRESSIVE;
				GCC_WARN_UNUSED_FUNCTION = YES;
				GCC_WARN_UNUSED_VARIABLE = YES;
				IPHONEOS_DEPLOYMENT_TARGET = 16.4;
				MTL_ENABLE_DEBUG_INFO = INCLUDE_SOURCE;
				MTL_FAST_MATH = YES;
				ONLY_ACTIVE_ARCH = YES;
				SDKROOT = iphoneos;
				SWIFT_ACTIVE_COMPILATION_CONDITIONS = DEBUG;
				SWIFT_OPTIMIZATION_LEVEL = "-Onone";
			};
			name = Debug;
		};
		F4EF3BD12C47E36D002010E6 /* Release */ = {
			isa = XCBuildConfiguration;
			buildSettings = {
				ALWAYS_SEARCH_USER_PATHS = NO;
				CLANG_ANALYZER_NONNULL = YES;
				CLANG_ANALYZER_NUMBER_OBJECT_CONVERSION = YES_AGGRESSIVE;
				CLANG_CXX_LANGUAGE_STANDARD = "gnu++20";
				CLANG_ENABLE_MODULES = YES;
				CLANG_ENABLE_OBJC_ARC = YES;
				CLANG_ENABLE_OBJC_WEAK = YES;
				CLANG_WARN_BLOCK_CAPTURE_AUTORELEASING = YES;
				CLANG_WARN_BOOL_CONVERSION = YES;
				CLANG_WARN_COMMA = YES;
				CLANG_WARN_CONSTANT_CONVERSION = YES;
				CLANG_WARN_DEPRECATED_OBJC_IMPLEMENTATIONS = YES;
				CLANG_WARN_DIRECT_OBJC_ISA_USAGE = YES_ERROR;
				CLANG_WARN_DOCUMENTATION_COMMENTS = YES;
				CLANG_WARN_EMPTY_BODY = YES;
				CLANG_WARN_ENUM_CONVERSION = YES;
				CLANG_WARN_INFINITE_RECURSION = YES;
				CLANG_WARN_INT_CONVERSION = YES;
				CLANG_WARN_NON_LITERAL_NULL_CONVERSION = YES;
				CLANG_WARN_OBJC_IMPLICIT_RETAIN_SELF = YES;
				CLANG_WARN_OBJC_LITERAL_CONVERSION = YES;
				CLANG_WARN_OBJC_ROOT_CLASS = YES_ERROR;
				CLANG_WARN_QUOTED_INCLUDE_IN_FRAMEWORK_HEADER = YES;
				CLANG_WARN_RANGE_LOOP_ANALYSIS = YES;
				CLANG_WARN_STRICT_PROTOTYPES = YES;
				CLANG_WARN_SUSPICIOUS_MOVE = YES;
				CLANG_WARN_UNGUARDED_AVAILABILITY = YES_AGGRESSIVE;
				CLANG_WARN_UNREACHABLE_CODE = YES;
				CLANG_WARN__DUPLICATE_METHOD_MATCH = YES;
				COPY_PHASE_STRIP = NO;
				DEBUG_INFORMATION_FORMAT = "dwarf-with-dsym";
				ENABLE_NS_ASSERTIONS = NO;
				ENABLE_STRICT_OBJC_MSGSEND = YES;
				GCC_C_LANGUAGE_STANDARD = gnu11;
				GCC_NO_COMMON_BLOCKS = YES;
				GCC_WARN_64_TO_32_BIT_CONVERSION = YES;
				GCC_WARN_ABOUT_RETURN_TYPE = YES_ERROR;
				GCC_WARN_UNDECLARED_SELECTOR = YES;
				GCC_WARN_UNINITIALIZED_AUTOS = YES_AGGRESSIVE;
				GCC_WARN_UNUSED_FUNCTION = YES;
				GCC_WARN_UNUSED_VARIABLE = YES;
				IPHONEOS_DEPLOYMENT_TARGET = 16.4;
				MTL_ENABLE_DEBUG_INFO = NO;
				MTL_FAST_MATH = YES;
				SDKROOT = iphoneos;
				SWIFT_COMPILATION_MODE = wholemodule;
				SWIFT_OPTIMIZATION_LEVEL = "-O";
				VALIDATE_PRODUCT = YES;
			};
			name = Release;
		};
		F4EF3BD32C47E36D002010E6 /* Debug */ = {
			isa = XCBuildConfiguration;
			buildSettings = {
				ASSETCATALOG_COMPILER_APPICON_NAME = AppIcon;
				ASSETCATALOG_COMPILER_GLOBAL_ACCENT_COLOR_NAME = AccentColor;
				CODE_SIGN_STYLE = Automatic;
				CURRENT_PROJECT_VERSION = 1;
				DEVELOPMENT_ASSET_PATHS = "\"net360/Preview Content\"";
				DEVELOPMENT_TEAM = QWXB8A69M4;
				ENABLE_PREVIEWS = YES;
				GENERATE_INFOPLIST_FILE = YES;
				INFOPLIST_FILE = net360/Info.plist;
				INFOPLIST_KEY_UIApplicationSceneManifest_Generation = YES;
				INFOPLIST_KEY_UIApplicationSupportsIndirectInputEvents = YES;
				INFOPLIST_KEY_UILaunchScreen_Generation = YES;
				INFOPLIST_KEY_UISupportedInterfaceOrientations_iPad = "UIInterfaceOrientationPortrait UIInterfaceOrientationPortraitUpsideDown UIInterfaceOrientationLandscapeLeft UIInterfaceOrientationLandscapeRight";
				INFOPLIST_KEY_UISupportedInterfaceOrientations_iPhone = "UIInterfaceOrientationPortrait UIInterfaceOrientationLandscapeLeft UIInterfaceOrientationLandscapeRight";
				IPHONEOS_DEPLOYMENT_TARGET = 16.0;
				LD_RUNPATH_SEARCH_PATHS = (
					"$(inherited)",
					"@executable_path/Frameworks",
				);
				MARKETING_VERSION = 1.0;
				PRODUCT_BUNDLE_IDENTIFIER = com.smzh.net360;
				PRODUCT_NAME = "$(TARGET_NAME)";
				SWIFT_EMIT_LOC_STRINGS = YES;
				SWIFT_VERSION = 5.0;
				TARGETED_DEVICE_FAMILY = "1,2";
			};
			name = Debug;
		};
		F4EF3BD42C47E36D002010E6 /* Release */ = {
			isa = XCBuildConfiguration;
			buildSettings = {
				ASSETCATALOG_COMPILER_APPICON_NAME = AppIcon;
				ASSETCATALOG_COMPILER_GLOBAL_ACCENT_COLOR_NAME = AccentColor;
				CODE_SIGN_STYLE = Automatic;
				CURRENT_PROJECT_VERSION = 1;
				DEVELOPMENT_ASSET_PATHS = "\"net360/Preview Content\"";
				DEVELOPMENT_TEAM = QWXB8A69M4;
				ENABLE_PREVIEWS = YES;
				GENERATE_INFOPLIST_FILE = YES;
				INFOPLIST_FILE = net360/Info.plist;
				INFOPLIST_KEY_UIApplicationSceneManifest_Generation = YES;
				INFOPLIST_KEY_UIApplicationSupportsIndirectInputEvents = YES;
				INFOPLIST_KEY_UILaunchScreen_Generation = YES;
				INFOPLIST_KEY_UISupportedInterfaceOrientations_iPad = "UIInterfaceOrientationPortrait UIInterfaceOrientationPortraitUpsideDown UIInterfaceOrientationLandscapeLeft UIInterfaceOrientationLandscapeRight";
				INFOPLIST_KEY_UISupportedInterfaceOrientations_iPhone = "UIInterfaceOrientationPortrait UIInterfaceOrientationLandscapeLeft UIInterfaceOrientationLandscapeRight";
				IPHONEOS_DEPLOYMENT_TARGET = 16.0;
				LD_RUNPATH_SEARCH_PATHS = (
					"$(inherited)",
					"@executable_path/Frameworks",
				);
				MARKETING_VERSION = 1.0;
				PRODUCT_BUNDLE_IDENTIFIER = com.smzh.net360;
				PRODUCT_NAME = "$(TARGET_NAME)";
				SWIFT_EMIT_LOC_STRINGS = YES;
				SWIFT_VERSION = 5.0;
				TARGETED_DEVICE_FAMILY = "1,2";
			};
			name = Release;
		};
/* End XCBuildConfiguration section */

/* Begin XCConfigurationList section */
		F4EF3BBF2C47E36B002010E6 /* Build configuration list for PBXProject "net360" */ = {
			isa = XCConfigurationList;
			buildConfigurations = (
				F4EF3BD02C47E36D002010E6 /* Debug */,
				F4EF3BD12C47E36D002010E6 /* Release */,
			);
			defaultConfigurationIsVisible = 0;
			defaultConfigurationName = Release;
		};
		F4EF3BD22C47E36D002010E6 /* Build configuration list for PBXNativeTarget "net360" */ = {
			isa = XCConfigurationList;
			buildConfigurations = (
				F4EF3BD32C47E36D002010E6 /* Debug */,
				F4EF3BD42C47E36D002010E6 /* Release */,
			);
			defaultConfigurationIsVisible = 0;
			defaultConfigurationName = Release;
		};
/* End XCConfigurationList section */

/* Begin XCRemoteSwiftPackageReference section */
		F418EE9E2C69E56E00B45D9F /* XCRemoteSwiftPackageReference "Kingfisher" */ = {
			isa = XCRemoteSwiftPackageReference;
			repositoryURL = "https://github.com/onevcat/Kingfisher.git";
			requirement = {
				kind = upToNextMajorVersion;
				minimumVersion = 7.0.0;
			};
		};
/* End XCRemoteSwiftPackageReference section */

/* Begin XCSwiftPackageProductDependency section */
		F418EE9F2C69E56E00B45D9F /* Kingfisher */ = {
			isa = XCSwiftPackageProductDependency;
			package = F418EE9E2C69E56E00B45D9F /* XCRemoteSwiftPackageReference "Kingfisher" */;
			productName = Kingfisher;
		};
/* End XCSwiftPackageProductDependency section */
	};
	rootObject = F4EF3BBC2C47E36B002010E6 /* Project object */;
}
