// !$*UTF8*$!
{
	archiveVersion = 1;
	classes = {
	};
	objectVersion = 56;
	objects = {

/* Begin PBXBuildFile section */
		F4EF3BC82C47E36C002010E6 /* net360App.swift in Sources */ = {isa = PBXBuildFile; fileRef = F4EF3BC72C47E36C002010E6 /* net360App.swift */; };
		F4EF3BCA2C47E36C002010E6 /* ContentView.swift in Sources */ = {isa = PBXBuildFile; fileRef = F4EF3BC92C47E36C002010E6 /* ContentView.swift */; };
		F4EF3BCC2C47E36D002010E6 /* Assets.xcassets in Resources */ = {isa = PBXBuildFile; fileRef = F4EF3BCB2C47E36D002010E6 /* Assets.xcassets */; };
		F4EF3BCF2C47E36D002010E6 /* Preview Assets.xcassets in Resources */ = {isa = PBXBuildFile; fileRef = F4EF3BCE2C47E36D002010E6 /* Preview Assets.xcassets */; };
		F4EF3BD62C47E4FA002010E6 /* CustomDropDown.swift in Sources */ = {isa = PBXBuildFile; fileRef = F4EF3BD52C47E4FA002010E6 /* CustomDropDown.swift */; };
		F4EF3BD82C47E51C002010E6 /* DateFieldValidator.swift in Sources */ = {isa = PBXBuildFile; fileRef = F4EF3BD72C47E51C002010E6 /* DateFieldValidator.swift */; };
		F4EF3BDB2C47E545002010E6 /* TextStyles.swift in Sources */ = {isa = PBXBuildFile; fileRef = F4EF3BDA2C47E545002010E6 /* TextStyles.swift */; };
		F4EF3BE62C47E579002010E6 /* Ubuntu-LI.ttf in Resources */ = {isa = PBXBuildFile; fileRef = F4EF3BDD2C47E579002010E6 /* Ubuntu-LI.ttf */; };
		F4EF3BE72C47E579002010E6 /* Ubuntu-MI.ttf in Resources */ = {isa = PBXBuildFile; fileRef = F4EF3BDE2C47E579002010E6 /* Ubuntu-MI.ttf */; };
		F4EF3BE82C47E579002010E6 /* Ubuntu-RI.ttf in Resources */ = {isa = PBXBuildFile; fileRef = F4EF3BDF2C47E579002010E6 /* Ubuntu-RI.ttf */; };
		F4EF3BE92C47E579002010E6 /* Ubuntu-L.ttf in Resources */ = {isa = PBXBuildFile; fileRef = F4EF3BE02C47E579002010E6 /* Ubuntu-L.ttf */; };
		F4EF3BEA2C47E579002010E6 /* Ubuntu-B.ttf in Resources */ = {isa = PBXBuildFile; fileRef = F4EF3BE12C47E579002010E6 /* Ubuntu-B.ttf */; };
		F4EF3BEB2C47E579002010E6 /* Ubuntu-C.ttf in Resources */ = {isa = PBXBuildFile; fileRef = F4EF3BE22C47E579002010E6 /* Ubuntu-C.ttf */; };
		F4EF3BEC2C47E579002010E6 /* Ubuntu-R.ttf in Resources */ = {isa = PBXBuildFile; fileRef = F4EF3BE32C47E579002010E6 /* Ubuntu-R.ttf */; };
		F4EF3BED2C47E579002010E6 /* Ubuntu-M.ttf in Resources */ = {isa = PBXBuildFile; fileRef = F4EF3BE42C47E579002010E6 /* Ubuntu-M.ttf */; };
		F4EF3BEE2C47E579002010E6 /* Ubuntu-BI.ttf in Resources */ = {isa = PBXBuildFile; fileRef = F4EF3BE52C47E579002010E6 /* Ubuntu-BI.ttf */; };
		F4EF3BF02C47E58D002010E6 /* FontExtension.swift in Sources */ = {isa = PBXBuildFile; fileRef = F4EF3BEF2C47E58D002010E6 /* FontExtension.swift */; };
		F4EF3BF22C47E5BE002010E6 /* Colors.swift in Sources */ = {isa = PBXBuildFile; fileRef = F4EF3BF12C47E5BE002010E6 /* Colors.swift */; };
		F4EF3BF52C47E6BC002010E6 /* LayoutConstants.swift in Sources */ = {isa = PBXBuildFile; fileRef = F4EF3BF42C47E6BC002010E6 /* LayoutConstants.swift */; };
		F4EF3BF72C47E6EA002010E6 /* Modifier.swift in Sources */ = {isa = PBXBuildFile; fileRef = F4EF3BF62C47E6EA002010E6 /* Modifier.swift */; };
		F4EF3BF92C47E717002010E6 /* View.swift in Sources */ = {isa = PBXBuildFile; fileRef = F4EF3BF82C47E717002010E6 /* View.swift */; };
		F4EF3BFB2C47E76B002010E6 /* Images.swift in Sources */ = {isa = PBXBuildFile; fileRef = F4EF3BFA2C47E76B002010E6 /* Images.swift */; };
		F4EF3BFD2C47E8BE002010E6 /* DeviceResolutionResolver.swift in Sources */ = {isa = PBXBuildFile; fileRef = F4EF3BFC2C47E8BE002010E6 /* DeviceResolutionResolver.swift */; };
		F4EF3C002C47ED2D002010E6 /* EventListCell.swift in Sources */ = {isa = PBXBuildFile; fileRef = F4EF3BFF2C47ED2D002010E6 /* EventListCell.swift */; };
/* End PBXBuildFile section */

/* Begin PBXFileReference section */
		F4EF3BC42C47E36C002010E6 /* net360.app */ = {isa = PBXFileReference; explicitFileType = wrapper.application; includeInIndex = 0; path = net360.app; sourceTree = BUILT_PRODUCTS_DIR; };
		F4EF3BC72C47E36C002010E6 /* net360App.swift */ = {isa = PBXFileReference; lastKnownFileType = sourcecode.swift; path = net360App.swift; sourceTree = "<group>"; };
		F4EF3BC92C47E36C002010E6 /* ContentView.swift */ = {isa = PBXFileReference; lastKnownFileType = sourcecode.swift; path = ContentView.swift; sourceTree = "<group>"; };
		F4EF3BCB2C47E36D002010E6 /* Assets.xcassets */ = {isa = PBXFileReference; lastKnownFileType = folder.assetcatalog; path = Assets.xcassets; sourceTree = "<group>"; };
		F4EF3BCE2C47E36D002010E6 /* Preview Assets.xcassets */ = {isa = PBXFileReference; lastKnownFileType = folder.assetcatalog; path = "Preview Assets.xcassets"; sourceTree = "<group>"; };
		F4EF3BD52C47E4FA002010E6 /* CustomDropDown.swift */ = {isa = PBXFileReference; lastKnownFileType = sourcecode.swift; path = CustomDropDown.swift; sourceTree = "<group>"; };
		F4EF3BD72C47E51C002010E6 /* DateFieldValidator.swift */ = {isa = PBXFileReference; lastKnownFileType = sourcecode.swift; path = DateFieldValidator.swift; sourceTree = "<group>"; };
		F4EF3BDA2C47E545002010E6 /* TextStyles.swift */ = {isa = PBXFileReference; lastKnownFileType = sourcecode.swift; path = TextStyles.swift; sourceTree = "<group>"; };
		F4EF3BDD2C47E579002010E6 /* Ubuntu-LI.ttf */ = {isa = PBXFileReference; lastKnownFileType = file; path = "Ubuntu-LI.ttf"; sourceTree = "<group>"; };
		F4EF3BDE2C47E579002010E6 /* Ubuntu-MI.ttf */ = {isa = PBXFileReference; lastKnownFileType = file; path = "Ubuntu-MI.ttf"; sourceTree = "<group>"; };
		F4EF3BDF2C47E579002010E6 /* Ubuntu-RI.ttf */ = {isa = PBXFileReference; lastKnownFileType = file; path = "Ubuntu-RI.ttf"; sourceTree = "<group>"; };
		F4EF3BE02C47E579002010E6 /* Ubuntu-L.ttf */ = {isa = PBXFileReference; lastKnownFileType = file; path = "Ubuntu-L.ttf"; sourceTree = "<group>"; };
		F4EF3BE12C47E579002010E6 /* Ubuntu-B.ttf */ = {isa = PBXFileReference; lastKnownFileType = file; path = "Ubuntu-B.ttf"; sourceTree = "<group>"; };
		F4EF3BE22C47E579002010E6 /* Ubuntu-C.ttf */ = {isa = PBXFileReference; lastKnownFileType = file; path = "Ubuntu-C.ttf"; sourceTree = "<group>"; };
		F4EF3BE32C47E579002010E6 /* Ubuntu-R.ttf */ = {isa = PBXFileReference; lastKnownFileType = file; path = "Ubuntu-R.ttf"; sourceTree = "<group>"; };
		F4EF3BE42C47E579002010E6 /* Ubuntu-M.ttf */ = {isa = PBXFileReference; lastKnownFileType = file; path = "Ubuntu-M.ttf"; sourceTree = "<group>"; };
		F4EF3BE52C47E579002010E6 /* Ubuntu-BI.ttf */ = {isa = PBXFileReference; lastKnownFileType = file; path = "Ubuntu-BI.ttf"; sourceTree = "<group>"; };
		F4EF3BEF2C47E58D002010E6 /* FontExtension.swift */ = {isa = PBXFileReference; lastKnownFileType = sourcecode.swift; path = FontExtension.swift; sourceTree = "<group>"; };
		F4EF3BF12C47E5BE002010E6 /* Colors.swift */ = {isa = PBXFileReference; lastKnownFileType = sourcecode.swift; path = Colors.swift; sourceTree = "<group>"; };
		F4EF3BF42C47E6BC002010E6 /* LayoutConstants.swift */ = {isa = PBXFileReference; lastKnownFileType = sourcecode.swift; path = LayoutConstants.swift; sourceTree = "<group>"; };
		F4EF3BF62C47E6EA002010E6 /* Modifier.swift */ = {isa = PBXFileReference; lastKnownFileType = sourcecode.swift; path = Modifier.swift; sourceTree = "<group>"; };
		F4EF3BF82C47E717002010E6 /* View.swift */ = {isa = PBXFileReference; lastKnownFileType = sourcecode.swift; path = View.swift; sourceTree = "<group>"; };
		F4EF3BFA2C47E76B002010E6 /* Images.swift */ = {isa = PBXFileReference; lastKnownFileType = sourcecode.swift; path = Images.swift; sourceTree = "<group>"; };
		F4EF3BFC2C47E8BE002010E6 /* DeviceResolutionResolver.swift */ = {isa = PBXFileReference; lastKnownFileType = sourcecode.swift; path = DeviceResolutionResolver.swift; sourceTree = "<group>"; };
		F4EF3BFF2C47ED2D002010E6 /* EventListCell.swift */ = {isa = PBXFileReference; lastKnownFileType = sourcecode.swift; path = EventListCell.swift; sourceTree = "<group>"; };
/* End PBXFileReference section */

/* Begin PBXFrameworksBuildPhase section */
		F4EF3BC12C47E36C002010E6 /* Frameworks */ = {
			isa = PBXFrameworksBuildPhase;
			buildActionMask = 2147483647;
			files = (
			);
			runOnlyForDeploymentPostprocessing = 0;
		};
/* End PBXFrameworksBuildPhase section */

/* Begin PBXGroup section */
		F4EF3BBB2C47E36B002010E6 = {
			isa = PBXGroup;
			children = (
				F4EF3BC62C47E36C002010E6 /* net360 */,
				F4EF3BC52C47E36C002010E6 /* Products */,
			);
			sourceTree = "<group>";
		};
		F4EF3BC52C47E36C002010E6 /* Products */ = {
			isa = PBXGroup;
			children = (
				F4EF3BC42C47E36C002010E6 /* net360.app */,
			);
			name = Products;
			sourceTree = "<group>";
		};
		F4EF3BC62C47E36C002010E6 /* net360 */ = {
			isa = PBXGroup;
			children = (
				F4EF3BFE2C47ED17002010E6 /* View */,
				F4EF3BF32C47E6AA002010E6 /* Utilities */,
				F4EF3BDC2C47E566002010E6 /* Font */,
				F4EF3BD92C47E537002010E6 /* Extensions */,
				F4EF3BC72C47E36C002010E6 /* net360App.swift */,
				F4EF3BC92C47E36C002010E6 /* ContentView.swift */,
				F4EF3BCB2C47E36D002010E6 /* Assets.xcassets */,
				F4EF3BCD2C47E36D002010E6 /* Preview Content */,
				F4EF3BD52C47E4FA002010E6 /* CustomDropDown.swift */,
				F4EF3BD72C47E51C002010E6 /* DateFieldValidator.swift */,
			);
			path = net360;
			sourceTree = "<group>";
		};
		F4EF3BCD2C47E36D002010E6 /* Preview Content */ = {
			isa = PBXGroup;
			children = (
				F4EF3BCE2C47E36D002010E6 /* Preview Assets.xcassets */,
			);
			path = "Preview Content";
			sourceTree = "<group>";
		};
		F4EF3BD92C47E537002010E6 /* Extensions */ = {
			isa = PBXGroup;
			children = (
				F4EF3BDA2C47E545002010E6 /* TextStyles.swift */,
				F4EF3BEF2C47E58D002010E6 /* FontExtension.swift */,
				F4EF3BF12C47E5BE002010E6 /* Colors.swift */,
				F4EF3BF82C47E717002010E6 /* View.swift */,
				F4EF3BFA2C47E76B002010E6 /* Images.swift */,
			);
			path = Extensions;
			sourceTree = "<group>";
		};
		F4EF3BDC2C47E566002010E6 /* Font */ = {
			isa = PBXGroup;
			children = (
				F4EF3BE12C47E579002010E6 /* Ubuntu-B.ttf */,
				F4EF3BE52C47E579002010E6 /* Ubuntu-BI.ttf */,
				F4EF3BE22C47E579002010E6 /* Ubuntu-C.ttf */,
				F4EF3BE02C47E579002010E6 /* Ubuntu-L.ttf */,
				F4EF3BDD2C47E579002010E6 /* Ubuntu-LI.ttf */,
				F4EF3BE42C47E579002010E6 /* Ubuntu-M.ttf */,
				F4EF3BDE2C47E579002010E6 /* Ubuntu-MI.ttf */,
				F4EF3BE32C47E579002010E6 /* Ubuntu-R.ttf */,
				F4EF3BDF2C47E579002010E6 /* Ubuntu-RI.ttf */,
			);
			path = Font;
			sourceTree = "<group>";
		};
		F4EF3BF32C47E6AA002010E6 /* Utilities */ = {
			isa = PBXGroup;
			children = (
				F4EF3BF42C47E6BC002010E6 /* LayoutConstants.swift */,
				F4EF3BF62C47E6EA002010E6 /* Modifier.swift */,
				F4EF3BFC2C47E8BE002010E6 /* DeviceResolutionResolver.swift */,
			);
			path = Utilities;
			sourceTree = "<group>";
		};
		F4EF3BFE2C47ED17002010E6 /* View */ = {
			isa = PBXGroup;
			children = (
				F4EF3BFF2C47ED2D002010E6 /* EventListCell.swift */,
			);
			path = View;
			sourceTree = "<group>";
		};
/* End PBXGroup section */

/* Begin PBXNativeTarget section */
		F4EF3BC32C47E36C002010E6 /* net360 */ = {
			isa = PBXNativeTarget;
			buildConfigurationList = F4EF3BD22C47E36D002010E6 /* Build configuration list for PBXNativeTarget "net360" */;
			buildPhases = (
				F4EF3BC02C47E36C002010E6 /* Sources */,
				F4EF3BC12C47E36C002010E6 /* Frameworks */,
				F4EF3BC22C47E36C002010E6 /* Resources */,
			);
			buildRules = (
			);
			dependencies = (
			);
			name = net360;
			productName = net360;
			productReference = F4EF3BC42C47E36C002010E6 /* net360.app */;
			productType = "com.apple.product-type.application";
		};
/* End PBXNativeTarget section */

/* Begin PBXProject section */
		F4EF3BBC2C47E36B002010E6 /* Project object */ = {
			isa = PBXProject;
			attributes = {
				BuildIndependentTargetsInParallel = 1;
				LastSwiftUpdateCheck = 1430;
				LastUpgradeCheck = 1430;
				TargetAttributes = {
					F4EF3BC32C47E36C002010E6 = {
						CreatedOnToolsVersion = 14.3.1;
					};
				};
			};
			buildConfigurationList = F4EF3BBF2C47E36B002010E6 /* Build configuration list for PBXProject "net360" */;
			compatibilityVersion = "Xcode 14.0";
			developmentRegion = en;
			hasScannedForEncodings = 0;
			knownRegions = (
				en,
				Base,
			);
			mainGroup = F4EF3BBB2C47E36B002010E6;
			productRefGroup = F4EF3BC52C47E36C002010E6 /* Products */;
			projectDirPath = "";
			projectRoot = "";
			targets = (
				F4EF3BC32C47E36C002010E6 /* net360 */,
			);
		};
/* End PBXProject section */

/* Begin PBXResourcesBuildPhase section */
		F4EF3BC22C47E36C002010E6 /* Resources */ = {
			isa = PBXResourcesBuildPhase;
			buildActionMask = 2147483647;
			files = (
				F4EF3BE92C47E579002010E6 /* Ubuntu-L.ttf in Resources */,
				F4EF3BED2C47E579002010E6 /* Ubuntu-M.ttf in Resources */,
				F4EF3BEE2C47E579002010E6 /* Ubuntu-BI.ttf in Resources */,
				F4EF3BE62C47E579002010E6 /* Ubuntu-LI.ttf in Resources */,
				F4EF3BE82C47E579002010E6 /* Ubuntu-RI.ttf in Resources */,
				F4EF3BEB2C47E579002010E6 /* Ubuntu-C.ttf in Resources */,
				F4EF3BEA2C47E579002010E6 /* Ubuntu-B.ttf in Resources */,
				F4EF3BCF2C47E36D002010E6 /* Preview Assets.xcassets in Resources */,
				F4EF3BEC2C47E579002010E6 /* Ubuntu-R.ttf in Resources */,
				F4EF3BCC2C47E36D002010E6 /* Assets.xcassets in Resources */,
				F4EF3BE72C47E579002010E6 /* Ubuntu-MI.ttf in Resources */,
			);
			runOnlyForDeploymentPostprocessing = 0;
		};
/* End PBXResourcesBuildPhase section */

/* Begin PBXSourcesBuildPhase section */
		F4EF3BC02C47E36C002010E6 /* Sources */ = {
			isa = PBXSourcesBuildPhase;
			buildActionMask = 2147483647;
			files = (
				F4EF3BF02C47E58D002010E6 /* FontExtension.swift in Sources */,
				F4EF3BD62C47E4FA002010E6 /* CustomDropDown.swift in Sources */,
				F4EF3BF92C47E717002010E6 /* View.swift in Sources */,
				F4EF3BFB2C47E76B002010E6 /* Images.swift in Sources */,
				F4EF3BCA2C47E36C002010E6 /* ContentView.swift in Sources */,
				F4EF3BF52C47E6BC002010E6 /* LayoutConstants.swift in Sources */,
				F4EF3BF22C47E5BE002010E6 /* Colors.swift in Sources */,
				F4EF3BDB2C47E545002010E6 /* TextStyles.swift in Sources */,
				F4EF3BC82C47E36C002010E6 /* net360App.swift in Sources */,
				F4EF3BD82C47E51C002010E6 /* DateFieldValidator.swift in Sources */,
				F4EF3BF72C47E6EA002010E6 /* Modifier.swift in Sources */,
				F4EF3BFD2C47E8BE002010E6 /* DeviceResolutionResolver.swift in Sources */,
				F4EF3C002C47ED2D002010E6 /* EventListCell.swift in Sources */,
			);
			runOnlyForDeploymentPostprocessing = 0;
		};
/* End PBXSourcesBuildPhase section */

/* Begin XCBuildConfiguration section */
		F4EF3BD02C47E36D002010E6 /* Debug */ = {
			isa = XCBuildConfiguration;
			buildSettings = {
				ALWAYS_SEARCH_USER_PATHS = NO;
				CLANG_ANALYZER_NONNULL = YES;
				CLANG_ANALYZER_NUMBER_OBJECT_CONVERSION = YES_AGGRESSIVE;
				CLANG_CXX_LANGUAGE_STANDARD = "gnu++20";
				CLANG_ENABLE_MODULES = YES;
				CLANG_ENABLE_OBJC_ARC = YES;
				CLANG_ENABLE_OBJC_WEAK = YES;
				CLANG_WARN_BLOCK_CAPTURE_AUTORELEASING = YES;
				CLANG_WARN_BOOL_CONVERSION = YES;
				CLANG_WARN_COMMA = YES;
				CLANG_WARN_CONSTANT_CONVERSION = YES;
				CLANG_WARN_DEPRECATED_OBJC_IMPLEMENTATIONS = YES;
				CLANG_WARN_DIRECT_OBJC_ISA_USAGE = YES_ERROR;
				CLANG_WARN_DOCUMENTATION_COMMENTS = YES;
				CLANG_WARN_EMPTY_BODY = YES;
				CLANG_WARN_ENUM_CONVERSION = YES;
				CLANG_WARN_INFINITE_RECURSION = YES;
				CLANG_WARN_INT_CONVERSION = YES;
				CLANG_WARN_NON_LITERAL_NULL_CONVERSION = YES;
				CLANG_WARN_OBJC_IMPLICIT_RETAIN_SELF = YES;
				CLANG_WARN_OBJC_LITERAL_CONVERSION = YES;
				CLANG_WARN_OBJC_ROOT_CLASS = YES_ERROR;
				CLANG_WARN_QUOTED_INCLUDE_IN_FRAMEWORK_HEADER = YES;
				CLANG_WARN_RANGE_LOOP_ANALYSIS = YES;
				CLANG_WARN_STRICT_PROTOTYPES = YES;
				CLANG_WARN_SUSPICIOUS_MOVE = YES;
				CLANG_WARN_UNGUARDED_AVAILABILITY = YES_AGGRESSIVE;
				CLANG_WARN_UNREACHABLE_CODE = YES;
				CLANG_WARN__DUPLICATE_METHOD_MATCH = YES;
				COPY_PHASE_STRIP = NO;
				DEBUG_INFORMATION_FORMAT = dwarf;
				ENABLE_STRICT_OBJC_MSGSEND = YES;
				ENABLE_TESTABILITY = YES;
				GCC_C_LANGUAGE_STANDARD = gnu11;
				GCC_DYNAMIC_NO_PIC = NO;
				GCC_NO_COMMON_BLOCKS = YES;
				GCC_OPTIMIZATION_LEVEL = 0;
				GCC_PREPROCESSOR_DEFINITIONS = (
					"DEBUG=1",
					"$(inherited)",
				);
				GCC_WARN_64_TO_32_BIT_CONVERSION = YES;
				GCC_WARN_ABOUT_RETURN_TYPE = YES_ERROR;
				GCC_WARN_UNDECLARED_SELECTOR = YES;
				GCC_WARN_UNINITIALIZED_AUTOS = YES_AGGRESSIVE;
				GCC_WARN_UNUSED_FUNCTION = YES;
				GCC_WARN_UNUSED_VARIABLE = YES;
				IPHONEOS_DEPLOYMENT_TARGET = 16.4;
				MTL_ENABLE_DEBUG_INFO = INCLUDE_SOURCE;
				MTL_FAST_MATH = YES;
				ONLY_ACTIVE_ARCH = YES;
				SDKROOT = iphoneos;
				SWIFT_ACTIVE_COMPILATION_CONDITIONS = DEBUG;
				SWIFT_OPTIMIZATION_LEVEL = "-Onone";
			};
			name = Debug;
		};
		F4EF3BD12C47E36D002010E6 /* Release */ = {
			isa = XCBuildConfiguration;
			buildSettings = {
				ALWAYS_SEARCH_USER_PATHS = NO;
				CLANG_ANALYZER_NONNULL = YES;
				CLANG_ANALYZER_NUMBER_OBJECT_CONVERSION = YES_AGGRESSIVE;
				CLANG_CXX_LANGUAGE_STANDARD = "gnu++20";
				CLANG_ENABLE_MODULES = YES;
				CLANG_ENABLE_OBJC_ARC = YES;
				CLANG_ENABLE_OBJC_WEAK = YES;
				CLANG_WARN_BLOCK_CAPTURE_AUTORELEASING = YES;
				CLANG_WARN_BOOL_CONVERSION = YES;
				CLANG_WARN_COMMA = YES;
				CLANG_WARN_CONSTANT_CONVERSION = YES;
				CLANG_WARN_DEPRECATED_OBJC_IMPLEMENTATIONS = YES;
				CLANG_WARN_DIRECT_OBJC_ISA_USAGE = YES_ERROR;
				CLANG_WARN_DOCUMENTATION_COMMENTS = YES;
				CLANG_WARN_EMPTY_BODY = YES;
				CLANG_WARN_ENUM_CONVERSION = YES;
				CLANG_WARN_INFINITE_RECURSION = YES;
				CLANG_WARN_INT_CONVERSION = YES;
				CLANG_WARN_NON_LITERAL_NULL_CONVERSION = YES;
				CLANG_WARN_OBJC_IMPLICIT_RETAIN_SELF = YES;
				CLANG_WARN_OBJC_LITERAL_CONVERSION = YES;
				CLANG_WARN_OBJC_ROOT_CLASS = YES_ERROR;
				CLANG_WARN_QUOTED_INCLUDE_IN_FRAMEWORK_HEADER = YES;
				CLANG_WARN_RANGE_LOOP_ANALYSIS = YES;
				CLANG_WARN_STRICT_PROTOTYPES = YES;
				CLANG_WARN_SUSPICIOUS_MOVE = YES;
				CLANG_WARN_UNGUARDED_AVAILABILITY = YES_AGGRESSIVE;
				CLANG_WARN_UNREACHABLE_CODE = YES;
				CLANG_WARN__DUPLICATE_METHOD_MATCH = YES;
				COPY_PHASE_STRIP = NO;
				DEBUG_INFORMATION_FORMAT = "dwarf-with-dsym";
				ENABLE_NS_ASSERTIONS = NO;
				ENABLE_STRICT_OBJC_MSGSEND = YES;
				GCC_C_LANGUAGE_STANDARD = gnu11;
				GCC_NO_COMMON_BLOCKS = YES;
				GCC_WARN_64_TO_32_BIT_CONVERSION = YES;
				GCC_WARN_ABOUT_RETURN_TYPE = YES_ERROR;
				GCC_WARN_UNDECLARED_SELECTOR = YES;
				GCC_WARN_UNINITIALIZED_AUTOS = YES_AGGRESSIVE;
				GCC_WARN_UNUSED_FUNCTION = YES;
				GCC_WARN_UNUSED_VARIABLE = YES;
				IPHONEOS_DEPLOYMENT_TARGET = 16.4;
				MTL_ENABLE_DEBUG_INFO = NO;
				MTL_FAST_MATH = YES;
				SDKROOT = iphoneos;
				SWIFT_COMPILATION_MODE = wholemodule;
				SWIFT_OPTIMIZATION_LEVEL = "-O";
				VALIDATE_PRODUCT = YES;
			};
			name = Release;
		};
		F4EF3BD32C47E36D002010E6 /* Debug */ = {
			isa = XCBuildConfiguration;
			buildSettings = {
				ASSETCATALOG_COMPILER_APPICON_NAME = AppIcon;
				ASSETCATALOG_COMPILER_GLOBAL_ACCENT_COLOR_NAME = AccentColor;
				CODE_SIGN_STYLE = Automatic;
				CURRENT_PROJECT_VERSION = 1;
				DEVELOPMENT_ASSET_PATHS = "\"net360/Preview Content\"";
				DEVELOPMENT_TEAM = QWXB8A69M4;
				ENABLE_PREVIEWS = YES;
				GENERATE_INFOPLIST_FILE = YES;
				INFOPLIST_KEY_UIApplicationSceneManifest_Generation = YES;
				INFOPLIST_KEY_UIApplicationSupportsIndirectInputEvents = YES;
				INFOPLIST_KEY_UILaunchScreen_Generation = YES;
				INFOPLIST_KEY_UISupportedInterfaceOrientations_iPad = "UIInterfaceOrientationPortrait UIInterfaceOrientationPortraitUpsideDown UIInterfaceOrientationLandscapeLeft UIInterfaceOrientationLandscapeRight";
				INFOPLIST_KEY_UISupportedInterfaceOrientations_iPhone = "UIInterfaceOrientationPortrait UIInterfaceOrientationLandscapeLeft UIInterfaceOrientationLandscapeRight";
				LD_RUNPATH_SEARCH_PATHS = (
					"$(inherited)",
					"@executable_path/Frameworks",
				);
				MARKETING_VERSION = 1.0;
				PRODUCT_BUNDLE_IDENTIFIER = com.smzh.net360;
				PRODUCT_NAME = "$(TARGET_NAME)";
				SWIFT_EMIT_LOC_STRINGS = YES;
				SWIFT_VERSION = 5.0;
				TARGETED_DEVICE_FAMILY = "1,2";
			};
			name = Debug;
		};
		F4EF3BD42C47E36D002010E6 /* Release */ = {
			isa = XCBuildConfiguration;
			buildSettings = {
				ASSETCATALOG_COMPILER_APPICON_NAME = AppIcon;
				ASSETCATALOG_COMPILER_GLOBAL_ACCENT_COLOR_NAME = AccentColor;
				CODE_SIGN_STYLE = Automatic;
				CURRENT_PROJECT_VERSION = 1;
				DEVELOPMENT_ASSET_PATHS = "\"net360/Preview Content\"";
				DEVELOPMENT_TEAM = QWXB8A69M4;
				ENABLE_PREVIEWS = YES;
				GENERATE_INFOPLIST_FILE = YES;
				INFOPLIST_KEY_UIApplicationSceneManifest_Generation = YES;
				INFOPLIST_KEY_UIApplicationSupportsIndirectInputEvents = YES;
				INFOPLIST_KEY_UILaunchScreen_Generation = YES;
				INFOPLIST_KEY_UISupportedInterfaceOrientations_iPad = "UIInterfaceOrientationPortrait UIInterfaceOrientationPortraitUpsideDown UIInterfaceOrientationLandscapeLeft UIInterfaceOrientationLandscapeRight";
				INFOPLIST_KEY_UISupportedInterfaceOrientations_iPhone = "UIInterfaceOrientationPortrait UIInterfaceOrientationLandscapeLeft UIInterfaceOrientationLandscapeRight";
				LD_RUNPATH_SEARCH_PATHS = (
					"$(inherited)",
					"@executable_path/Frameworks",
				);
				MARKETING_VERSION = 1.0;
				PRODUCT_BUNDLE_IDENTIFIER = com.smzh.net360;
				PRODUCT_NAME = "$(TARGET_NAME)";
				SWIFT_EMIT_LOC_STRINGS = YES;
				SWIFT_VERSION = 5.0;
				TARGETED_DEVICE_FAMILY = "1,2";
			};
			name = Release;
		};
/* End XCBuildConfiguration section */

/* Begin XCConfigurationList section */
		F4EF3BBF2C47E36B002010E6 /* Build configuration list for PBXProject "net360" */ = {
			isa = XCConfigurationList;
			buildConfigurations = (
				F4EF3BD02C47E36D002010E6 /* Debug */,
				F4EF3BD12C47E36D002010E6 /* Release */,
			);
			defaultConfigurationIsVisible = 0;
			defaultConfigurationName = Release;
		};
		F4EF3BD22C47E36D002010E6 /* Build configuration list for PBXNativeTarget "net360" */ = {
			isa = XCConfigurationList;
			buildConfigurations = (
				F4EF3BD32C47E36D002010E6 /* Debug */,
				F4EF3BD42C47E36D002010E6 /* Release */,
			);
			defaultConfigurationIsVisible = 0;
			defaultConfigurationName = Release;
		};
/* End XCConfigurationList section */
	};
	rootObject = F4EF3BBC2C47E36B002010E6 /* Project object */;
}
